
Microsoft Visual Studio Solution File, Format Version 12.00
# Visual Studio Version 17
VisualStudioVersion = 17.14.36811.4
MinimumVisualStudioVersion = 10.0.40219.1
Project("{FAE04EC0-301F-11D3-BF4B-00C04F79EFBC}") = "APIadmin", "APIadmin\APIadmin.csproj", "{4E25CD68-EE9C-4392-B1EA-9320267BDC60}"
EndProject
Project("{FAE04EC0-301F-11D3-BF4B-00C04F79EFBC}") = "APIUser", "APIUser\APIUser.csproj", "{7E87923C-DC37-4541-94FD-A8C0CFB8708A}"
EndProject
Project("{FAE04EC0-301F-11D3-BF4B-00C04F79EFBC}") = "APIGateway", "APIGateway\APIGateway.csproj", "{877FA556-47D6-457E-88CB-0F2EBF53AEE5}"
EndProject
Project("{FAE04EC0-301F-11D3-BF4B-00C04F79EFBC}") = "shared", "shared\shared.csproj", "{65AC5611-4B6F-4506-BB78-6F8F0F3E123E}"
EndProject
Project("{FAE04EC0-301F-11D3-BF4B-00C04F79EFBC}") = "AuthencationAPI", "AuthencationAPI\AuthencationAPI.csproj", "{FDDAD47D-37F6-4221-8826-F3BA20BFC5E6}"
EndProject
Project("{FAE04EC0-301F-11D3-BF4B-00C04F79EFBC}") = "Model_", "..\..\..\Desktop\baiCuaQuan\btlapi-main\Model_\Model_.csproj", "{E0D6583C-76DD-6F8F-85B3-D5F22C413815}"
EndProject
Project("{FAE04EC0-301F-11D3-BF4B-00C04F79EFBC}") = "DAL_", "..\..\..\Desktop\baiCuaQuan\btlapi-main\DAL_\DAL_.csproj", "{26199F2E-734E-EF48-C60C-1C4417A3DD88}"
EndProject
Project("{FAE04EC0-301F-11D3-BF4B-00C04F79EFBC}") = "BLL_", "..\..\..\Desktop\baiCuaQuan\btlapi-main\BLL_\BLL_.csproj", "{2E8EBC4A-2D72-CD43-E0D2-3BA60CB77B77}"
EndProject
Global
	GlobalSection(SolutionConfigurationPlatforms) = preSolution
		Debug|Any CPU = Debug|Any CPU
		Release|Any CPU = Release|Any CPU
	EndGlobalSection
	GlobalSection(ProjectConfigurationPlatforms) = postSolution
		{4E25CD68-EE9C-4392-B1EA-9320267BDC60}.Debug|Any CPU.ActiveCfg = Debug|Any CPU
		{4E25CD68-EE9C-4392-B1EA-9320267BDC60}.Debug|Any CPU.Build.0 = Debug|Any CPU
		{4E25CD68-EE9C-4392-B1EA-9320267BDC60}.Release|Any CPU.ActiveCfg = Release|Any CPU
		{4E25CD68-EE9C-4392-B1EA-9320267BDC60}.Release|Any CPU.Build.0 = Release|Any CPU
		{7E87923C-DC37-4541-94FD-A8C0CFB8708A}.Debug|Any CPU.ActiveCfg = Debug|Any CPU
		{7E87923C-DC37-4541-94FD-A8C0CFB8708A}.Debug|Any CPU.Build.0 = Debug|Any CPU
		{7E87923C-DC37-4541-94FD-A8C0CFB8708A}.Release|Any CPU.ActiveCfg = Release|Any CPU
		{7E87923C-DC37-4541-94FD-A8C0CFB8708A}.Release|Any CPU.Build.0 = Release|Any CPU
		{877FA556-47D6-457E-88CB-0F2EBF53AEE5}.Debug|Any CPU.ActiveCfg = Debug|Any CPU
		{877FA556-47D6-457E-88CB-0F2EBF53AEE5}.Debug|Any CPU.Build.0 = Debug|Any CPU
		{877FA556-47D6-457E-88CB-0F2EBF53AEE5}.Release|Any CPU.ActiveCfg = Release|Any CPU
		{877FA556-47D6-457E-88CB-0F2EBF53AEE5}.Release|Any CPU.Build.0 = Release|Any CPU
		{65AC5611-4B6F-4506-BB78-6F8F0F3E123E}.Debug|Any CPU.ActiveCfg = Debug|Any CPU
		{65AC5611-4B6F-4506-BB78-6F8F0F3E123E}.Debug|Any CPU.Build.0 = Debug|Any CPU
		{65AC5611-4B6F-4506-BB78-6F8F0F3E123E}.Release|Any CPU.ActiveCfg = Release|Any CPU
		{65AC5611-4B6F-4506-BB78-6F8F0F3E123E}.Release|Any CPU.Build.0 = Release|Any CPU
		{FDDAD47D-37F6-4221-8826-F3BA20BFC5E6}.Debug|Any CPU.ActiveCfg = Debug|Any CPU
		{FDDAD47D-37F6-4221-8826-F3BA20BFC5E6}.Debug|Any CPU.Build.0 = Debug|Any CPU
		{FDDAD47D-37F6-4221-8826-F3BA20BFC5E6}.Release|Any CPU.ActiveCfg = Release|Any CPU
		{FDDAD47D-37F6-4221-8826-F3BA20BFC5E6}.Release|Any CPU.Build.0 = Release|Any CPU
		{E0D6583C-76DD-6F8F-85B3-D5F22C413815}.Debug|Any CPU.ActiveCfg = Debug|Any CPU
		{E0D6583C-76DD-6F8F-85B3-D5F22C413815}.Debug|Any CPU.Build.0 = Debug|Any CPU
		{E0D6583C-76DD-6F8F-85B3-D5F22C413815}.Release|Any CPU.ActiveCfg = Release|Any CPU
		{E0D6583C-76DD-6F8F-85B3-D5F22C413815}.Release|Any CPU.Build.0 = Release|Any CPU
		{26199F2E-734E-EF48-C60C-1C4417A3DD88}.Debug|Any CPU.ActiveCfg = Debug|Any CPU
		{26199F2E-734E-EF48-C60C-1C4417A3DD88}.Debug|Any CPU.Build.0 = Debug|Any CPU
		{26199F2E-734E-EF48-C60C-1C4417A3DD88}.Release|Any CPU.ActiveCfg = Release|Any CPU
		{26199F2E-734E-EF48-C60C-1C4417A3DD88}.Release|Any CPU.Build.0 = Release|Any CPU
		{2E8EBC4A-2D72-CD43-E0D2-3BA60CB77B77}.Debug|Any CPU.ActiveCfg = Debug|Any CPU
		{2E8EBC4A-2D72-CD43-E0D2-3BA60CB77B77}.Debug|Any CPU.Build.0 = Debug|Any CPU
		{2E8EBC4A-2D72-CD43-E0D2-3BA60CB77B77}.Release|Any CPU.ActiveCfg = Release|Any CPU
		{2E8EBC4A-2D72-CD43-E0D2-3BA60CB77B77}.Release|Any CPU.Build.0 = Release|Any CPU
	EndGlobalSection
	GlobalSection(SolutionProperties) = preSolution
		HideSolutionNode = FALSE
	EndGlobalSection
	GlobalSection(ExtensibilityGlobals) = postSolution
		SolutionGuid = {EDDFB07A-6839-4465-8AAD-D7285300C8E3}
	EndGlobalSection
EndGlobal
